
Microsoft Visual Studio Solution File, Format Version 12.00
# Visual Studio Version 17
VisualStudioVersion = 17.0.32112.339
MinimumVisualStudioVersion = 10.0.40219.1
Project("{9A19103F-16F7-4668-BE54-9A1E7A4F7556}") = "BrasilAPI", "BrasilAPI\BrasilAPI.csproj", "{8D1B8A1D-14B9-42A5-9E54-D4C5F30BCED5}"
EndProject
Project("{9A19103F-16F7-4668-BE54-9A1E7A4F7556}") = "BrasilAPI.Test", "BrasilAPI.Test\BrasilAPI.Test.csproj", "{0C949204-9E47-4E04-82A7-EAB672082690}"
EndProject
Project("{2150E333-8FDC-42A3-9474-1A3956D46DE8}") = "Exemplo", "Exemplo", "{5E9BEA04-2DC8-4A21-9EA3-D1DC726C0174}"
EndProject
Project("{9A19103F-16F7-4668-BE54-9A1E7A4F7556}") = "ExemploApp", "Exemplo\ExemploApp.csproj", "{CFCA96AD-47D2-418F-AC55-2B569CCA5240}"
EndProject
Global
	GlobalSection(SolutionConfigurationPlatforms) = preSolution
		Debug|Any CPU = Debug|Any CPU
		Release|Any CPU = Release|Any CPU
	EndGlobalSection
	GlobalSection(ProjectConfigurationPlatforms) = postSolution
		{8D1B8A1D-14B9-42A5-9E54-D4C5F30BCED5}.Debug|Any CPU.ActiveCfg = Debug|Any CPU
		{8D1B8A1D-14B9-42A5-9E54-D4C5F30BCED5}.Debug|Any CPU.Build.0 = Debug|Any CPU
		{8D1B8A1D-14B9-42A5-9E54-D4C5F30BCED5}.Release|Any CPU.ActiveCfg = Release|Any CPU
		{8D1B8A1D-14B9-42A5-9E54-D4C5F30BCED5}.Release|Any CPU.Build.0 = Release|Any CPU
		{0C949204-9E47-4E04-82A7-EAB672082690}.Debug|Any CPU.ActiveCfg = Debug|Any CPU
		{0C949204-9E47-4E04-82A7-EAB672082690}.Debug|Any CPU.Build.0 = Debug|Any CPU
		{0C949204-9E47-4E04-82A7-EAB672082690}.Release|Any CPU.ActiveCfg = Release|Any CPU
		{0C949204-9E47-4E04-82A7-EAB672082690}.Release|Any CPU.Build.0 = Release|Any CPU
		{CFCA96AD-47D2-418F-AC55-2B569CCA5240}.Debug|Any CPU.ActiveCfg = Debug|Any CPU
		{CFCA96AD-47D2-418F-AC55-2B569CCA5240}.Debug|Any CPU.Build.0 = Debug|Any CPU
		{CFCA96AD-47D2-418F-AC55-2B569CCA5240}.Release|Any CPU.ActiveCfg = Release|Any CPU
		{CFCA96AD-47D2-418F-AC55-2B569CCA5240}.Release|Any CPU.Build.0 = Release|Any CPU
	EndGlobalSection
	GlobalSection(SolutionProperties) = preSolution
		HideSolutionNode = FALSE
	EndGlobalSection
	GlobalSection(NestedProjects) = preSolution
		{CFCA96AD-47D2-418F-AC55-2B569CCA5240} = {5E9BEA04-2DC8-4A21-9EA3-D1DC726C0174}
	EndGlobalSection
	GlobalSection(ExtensibilityGlobals) = postSolution
		SolutionGuid = {09016539-43EB-42D9-97D6-B2A8E383E5ED}
	EndGlobalSection
EndGlobal
