
Microsoft Visual Studio Solution File, Format Version 12.00
# Visual Studio Version 16
VisualStudioVersion = 16.0.30711.63
MinimumVisualStudioVersion = 10.0.40219.1
Project("{9A19103F-16F7-4668-BE54-9A1E7A4F7556}") = "BrasilAPI", "BrasilAPI\BrasilAPI.csproj", "{8D1B8A1D-14B9-42A5-9E54-D4C5F30BCED5}"
EndProject
Project("{FAE04EC0-301F-11D3-BF4B-00C04F79EFBC}") = "BrasilAPI.Test", "BrasilAPI.Test\BrasilAPI.Test.csproj", "{0C949204-9E47-4E04-82A7-EAB672082690}"
EndProject
Global
	GlobalSection(SolutionConfigurationPlatforms) = preSolution
		Debug|Any CPU = Debug|Any CPU
		Release|Any CPU = Release|Any CPU
	EndGlobalSection
	GlobalSection(ProjectConfigurationPlatforms) = postSolution
		{8D1B8A1D-14B9-42A5-9E54-D4C5F30BCED5}.Debug|Any CPU.ActiveCfg = Debug|Any CPU
		{8D1B8A1D-14B9-42A5-9E54-D4C5F30BCED5}.Debug|Any CPU.Build.0 = Debug|Any CPU
		{8D1B8A1D-14B9-42A5-9E54-D4C5F30BCED5}.Release|Any CPU.ActiveCfg = Release|Any CPU
		{8D1B8A1D-14B9-42A5-9E54-D4C5F30BCED5}.Release|Any CPU.Build.0 = Release|Any CPU
		{0C949204-9E47-4E04-82A7-EAB672082690}.Debug|Any CPU.ActiveCfg = Debug|Any CPU
		{0C949204-9E47-4E04-82A7-EAB672082690}.Debug|Any CPU.Build.0 = Debug|Any CPU
		{0C949204-9E47-4E04-82A7-EAB672082690}.Release|Any CPU.ActiveCfg = Release|Any CPU
		{0C949204-9E47-4E04-82A7-EAB672082690}.Release|Any CPU.Build.0 = Release|Any CPU
	EndGlobalSection
	GlobalSection(SolutionProperties) = preSolution
		HideSolutionNode = FALSE
	EndGlobalSection
	GlobalSection(ExtensibilityGlobals) = postSolution
		SolutionGuid = {09016539-43EB-42D9-97D6-B2A8E383E5ED}
	EndGlobalSection
EndGlobal
